// !$*UTF8*$!
{
	archiveVersion = 1;
	classes = {
	};
	objectVersion = 55;
	objects = {

/* Begin PBXBuildFile section */
		AF321FA027B1715900D77F47 /* AbsenceRecorder2App.swift in Sources */ = {isa = PBXBuildFile; fileRef = AF321F9F27B1715900D77F47 /* AbsenceRecorder2App.swift */; };
		AF321FA227B1715900D77F47 /* ContentView.swift in Sources */ = {isa = PBXBuildFile; fileRef = AF321FA127B1715900D77F47 /* ContentView.swift */; };
		AF321FA427B1715D00D77F47 /* Assets.xcassets in Resources */ = {isa = PBXBuildFile; fileRef = AF321FA327B1715D00D77F47 /* Assets.xcassets */; };
		AF321FA727B1715D00D77F47 /* Preview Assets.xcassets in Resources */ = {isa = PBXBuildFile; fileRef = AF321FA627B1715D00D77F47 /* Preview Assets.xcassets */; };
		AF321FB127B1715D00D77F47 /* AbsenceRecorder2Tests.swift in Sources */ = {isa = PBXBuildFile; fileRef = AF321FB027B1715D00D77F47 /* AbsenceRecorder2Tests.swift */; };
		AF321FBB27B1715E00D77F47 /* AbsenceRecorder2UITests.swift in Sources */ = {isa = PBXBuildFile; fileRef = AF321FBA27B1715E00D77F47 /* AbsenceRecorder2UITests.swift */; };
		AF321FBD27B1715E00D77F47 /* AbsenceRecorder2UITestsLaunchTests.swift in Sources */ = {isa = PBXBuildFile; fileRef = AF321FBC27B1715E00D77F47 /* AbsenceRecorder2UITestsLaunchTests.swift */; };
		AF321FCA27B171E900D77F47 /* StateController.swift in Sources */ = {isa = PBXBuildFile; fileRef = AF321FC927B171E900D77F47 /* StateController.swift */; };
		AF321FCD27B1722C00D77F47 /* Date.swift in Sources */ = {isa = PBXBuildFile; fileRef = AF321FCC27B1722C00D77F47 /* Date.swift */; };
		AF321FDC27B1734500D77F47 /* Student.swift in Sources */ = {isa = PBXBuildFile; fileRef = AF321FDB27B1734500D77F47 /* Student.swift */; };
		AF321FDE27B1735A00D77F47 /* Division.swift in Sources */ = {isa = PBXBuildFile; fileRef = AF321FDD27B1735A00D77F47 /* Division.swift */; };
		AF321FE127B2769F00D77F47 /* AbsenceRecorder2Tests.swift in Sources */ = {isa = PBXBuildFile; fileRef = AF321FB027B1715D00D77F47 /* AbsenceRecorder2Tests.swift */; };
		AF321FE327B279B100D77F47 /* StudentAbsence.swift in Sources */ = {isa = PBXBuildFile; fileRef = AF321FE227B279B100D77F47 /* StudentAbsence.swift */; };
		AF321FE527B279EE00D77F47 /* DivisionsView.swift in Sources */ = {isa = PBXBuildFile; fileRef = AF321FE427B279EE00D77F47 /* DivisionsView.swift */; };
		AF321FE727B27A0C00D77F47 /* AbsenceView.swift in Sources */ = {isa = PBXBuildFile; fileRef = AF321FE627B27A0C00D77F47 /* AbsenceView.swift */; };
		AF321FE927B27A2800D77F47 /* DivisionItem.swift in Sources */ = {isa = PBXBuildFile; fileRef = AF321FE827B27A2800D77F47 /* DivisionItem.swift */; };
		AF321FEB27B27A4800D77F47 /* StatisticsView.swift in Sources */ = {isa = PBXBuildFile; fileRef = AF321FEA27B27A4800D77F47 /* StatisticsView.swift */; };
		AF321FED27B27A6000D77F47 /* RootTabView.swift in Sources */ = {isa = PBXBuildFile; fileRef = AF321FEC27B27A6000D77F47 /* RootTabView.swift */; };
		AF321FEF27B27A7500D77F47 /* AbsenceItem.swift in Sources */ = {isa = PBXBuildFile; fileRef = AF321FEE27B27A7500D77F47 /* AbsenceItem.swift */; };
/* End PBXBuildFile section */

/* Begin PBXContainerItemProxy section */
		AF321FAD27B1715D00D77F47 /* PBXContainerItemProxy */ = {
			isa = PBXContainerItemProxy;
			containerPortal = AF321F9427B1715900D77F47 /* Project object */;
			proxyType = 1;
			remoteGlobalIDString = AF321F9B27B1715900D77F47;
			remoteInfo = AbsenceRecorder2;
		};
		AF321FB727B1715E00D77F47 /* PBXContainerItemProxy */ = {
			isa = PBXContainerItemProxy;
			containerPortal = AF321F9427B1715900D77F47 /* Project object */;
			proxyType = 1;
			remoteGlobalIDString = AF321F9B27B1715900D77F47;
			remoteInfo = AbsenceRecorder2;
		};
/* End PBXContainerItemProxy section */

/* Begin PBXFileReference section */
		AF321F9C27B1715900D77F47 /* AbsenceRecorder2.app */ = {isa = PBXFileReference; explicitFileType = wrapper.application; includeInIndex = 0; path = AbsenceRecorder2.app; sourceTree = BUILT_PRODUCTS_DIR; };
		AF321F9F27B1715900D77F47 /* AbsenceRecorder2App.swift */ = {isa = PBXFileReference; lastKnownFileType = sourcecode.swift; path = AbsenceRecorder2App.swift; sourceTree = "<group>"; };
		AF321FA127B1715900D77F47 /* ContentView.swift */ = {isa = PBXFileReference; lastKnownFileType = sourcecode.swift; path = ContentView.swift; sourceTree = "<group>"; };
		AF321FA327B1715D00D77F47 /* Assets.xcassets */ = {isa = PBXFileReference; lastKnownFileType = folder.assetcatalog; path = Assets.xcassets; sourceTree = "<group>"; };
		AF321FA627B1715D00D77F47 /* Preview Assets.xcassets */ = {isa = PBXFileReference; lastKnownFileType = folder.assetcatalog; path = "Preview Assets.xcassets"; sourceTree = "<group>"; };
		AF321FAC27B1715D00D77F47 /* AbsenceRecorder2Tests.xctest */ = {isa = PBXFileReference; explicitFileType = wrapper.cfbundle; includeInIndex = 0; path = AbsenceRecorder2Tests.xctest; sourceTree = BUILT_PRODUCTS_DIR; };
		AF321FB027B1715D00D77F47 /* AbsenceRecorder2Tests.swift */ = {isa = PBXFileReference; lastKnownFileType = sourcecode.swift; path = AbsenceRecorder2Tests.swift; sourceTree = "<group>"; };
		AF321FB627B1715E00D77F47 /* AbsenceRecorder2UITests.xctest */ = {isa = PBXFileReference; explicitFileType = wrapper.cfbundle; includeInIndex = 0; path = AbsenceRecorder2UITests.xctest; sourceTree = BUILT_PRODUCTS_DIR; };
		AF321FBA27B1715E00D77F47 /* AbsenceRecorder2UITests.swift */ = {isa = PBXFileReference; lastKnownFileType = sourcecode.swift; path = AbsenceRecorder2UITests.swift; sourceTree = "<group>"; };
		AF321FBC27B1715E00D77F47 /* AbsenceRecorder2UITestsLaunchTests.swift */ = {isa = PBXFileReference; lastKnownFileType = sourcecode.swift; path = AbsenceRecorder2UITestsLaunchTests.swift; sourceTree = "<group>"; };
		AF321FC927B171E900D77F47 /* StateController.swift */ = {isa = PBXFileReference; lastKnownFileType = sourcecode.swift; path = StateController.swift; sourceTree = "<group>"; };
		AF321FCC27B1722C00D77F47 /* Date.swift */ = {isa = PBXFileReference; lastKnownFileType = sourcecode.swift; path = Date.swift; sourceTree = "<group>"; };
		AF321FDB27B1734500D77F47 /* Student.swift */ = {isa = PBXFileReference; lastKnownFileType = sourcecode.swift; path = Student.swift; sourceTree = "<group>"; };
		AF321FDD27B1735A00D77F47 /* Division.swift */ = {isa = PBXFileReference; lastKnownFileType = sourcecode.swift; path = Division.swift; sourceTree = "<group>"; };
		AF321FE227B279B100D77F47 /* StudentAbsence.swift */ = {isa = PBXFileReference; lastKnownFileType = sourcecode.swift; path = StudentAbsence.swift; sourceTree = "<group>"; };
		AF321FE427B279EE00D77F47 /* DivisionsView.swift */ = {isa = PBXFileReference; lastKnownFileType = sourcecode.swift; path = DivisionsView.swift; sourceTree = "<group>"; };
		AF321FE627B27A0C00D77F47 /* AbsenceView.swift */ = {isa = PBXFileReference; lastKnownFileType = sourcecode.swift; path = AbsenceView.swift; sourceTree = "<group>"; };
		AF321FE827B27A2800D77F47 /* DivisionItem.swift */ = {isa = PBXFileReference; lastKnownFileType = sourcecode.swift; path = DivisionItem.swift; sourceTree = "<group>"; };
		AF321FEA27B27A4800D77F47 /* StatisticsView.swift */ = {isa = PBXFileReference; lastKnownFileType = sourcecode.swift; path = StatisticsView.swift; sourceTree = "<group>"; };
		AF321FEC27B27A6000D77F47 /* RootTabView.swift */ = {isa = PBXFileReference; lastKnownFileType = sourcecode.swift; path = RootTabView.swift; sourceTree = "<group>"; };
		AF321FEE27B27A7500D77F47 /* AbsenceItem.swift */ = {isa = PBXFileReference; lastKnownFileType = sourcecode.swift; path = AbsenceItem.swift; sourceTree = "<group>"; };
/* End PBXFileReference section */

/* Begin PBXFrameworksBuildPhase section */
		AF321F9927B1715900D77F47 /* Frameworks */ = {
			isa = PBXFrameworksBuildPhase;
			buildActionMask = 2147483647;
			files = (
			);
			runOnlyForDeploymentPostprocessing = 0;
		};
		AF321FA927B1715D00D77F47 /* Frameworks */ = {
			isa = PBXFrameworksBuildPhase;
			buildActionMask = 2147483647;
			files = (
			);
			runOnlyForDeploymentPostprocessing = 0;
		};
		AF321FB327B1715E00D77F47 /* Frameworks */ = {
			isa = PBXFrameworksBuildPhase;
			buildActionMask = 2147483647;
			files = (
			);
			runOnlyForDeploymentPostprocessing = 0;
		};
/* End PBXFrameworksBuildPhase section */

/* Begin PBXGroup section */
		AF321F9327B1715900D77F47 = {
			isa = PBXGroup;
			children = (
				AF321F9E27B1715900D77F47 /* AbsenceRecorder2 */,
				AF321FAF27B1715D00D77F47 /* AbsenceRecorder2Tests */,
				AF321FB927B1715E00D77F47 /* AbsenceRecorder2UITests */,
				AF321F9D27B1715900D77F47 /* Products */,
			);
			sourceTree = "<group>";
		};
		AF321F9D27B1715900D77F47 /* Products */ = {
			isa = PBXGroup;
			children = (
				AF321F9C27B1715900D77F47 /* AbsenceRecorder2.app */,
				AF321FAC27B1715D00D77F47 /* AbsenceRecorder2Tests.xctest */,
				AF321FB627B1715E00D77F47 /* AbsenceRecorder2UITests.xctest */,
			);
			name = Products;
			sourceTree = "<group>";
		};
		AF321F9E27B1715900D77F47 /* AbsenceRecorder2 */ = {
			isa = PBXGroup;
			children = (
				AF321FCB27B1720E00D77F47 /* Extensions */,
				AF321FCF27B1725600D77F47 /* View */,
				AF321FDA27B1732B00D77F47 /* Model */,
				AF321F9F27B1715900D77F47 /* AbsenceRecorder2App.swift */,
				AF321FA127B1715900D77F47 /* ContentView.swift */,
				AF321FC927B171E900D77F47 /* StateController.swift */,
				AF321FA327B1715D00D77F47 /* Assets.xcassets */,
				AF321FA527B1715D00D77F47 /* Preview Content */,
			);
			path = AbsenceRecorder2;
			sourceTree = "<group>";
		};
		AF321FA527B1715D00D77F47 /* Preview Content */ = {
			isa = PBXGroup;
			children = (
				AF321FA627B1715D00D77F47 /* Preview Assets.xcassets */,
			);
			path = "Preview Content";
			sourceTree = "<group>";
		};
		AF321FAF27B1715D00D77F47 /* AbsenceRecorder2Tests */ = {
			isa = PBXGroup;
			children = (
				AF321FB027B1715D00D77F47 /* AbsenceRecorder2Tests.swift */,
			);
			path = AbsenceRecorder2Tests;
			sourceTree = "<group>";
		};
		AF321FB927B1715E00D77F47 /* AbsenceRecorder2UITests */ = {
			isa = PBXGroup;
			children = (
				AF321FBA27B1715E00D77F47 /* AbsenceRecorder2UITests.swift */,
				AF321FBC27B1715E00D77F47 /* AbsenceRecorder2UITestsLaunchTests.swift */,
			);
			path = AbsenceRecorder2UITests;
			sourceTree = "<group>";
		};
		AF321FCB27B1720E00D77F47 /* Extensions */ = {
			isa = PBXGroup;
			children = (
				AF321FCC27B1722C00D77F47 /* Date.swift */,
			);
			path = Extensions;
			sourceTree = "<group>";
		};
		AF321FCF27B1725600D77F47 /* View */ = {
			isa = PBXGroup;
			children = (
				AF321FE427B279EE00D77F47 /* DivisionsView.swift */,
				AF321FE627B27A0C00D77F47 /* AbsenceView.swift */,
				AF321FE827B27A2800D77F47 /* DivisionItem.swift */,
				AF321FEA27B27A4800D77F47 /* StatisticsView.swift */,
				AF321FEC27B27A6000D77F47 /* RootTabView.swift */,
				AF321FEE27B27A7500D77F47 /* AbsenceItem.swift */,
			);
			path = View;
			sourceTree = "<group>";
		};
		AF321FDA27B1732B00D77F47 /* Model */ = {
			isa = PBXGroup;
			children = (
				AF321FDB27B1734500D77F47 /* Student.swift */,
				AF321FDD27B1735A00D77F47 /* Division.swift */,
				AF321FE227B279B100D77F47 /* StudentAbsence.swift */,
			);
			path = Model;
			sourceTree = "<group>";
		};
/* End PBXGroup section */

/* Begin PBXNativeTarget section */
		AF321F9B27B1715900D77F47 /* AbsenceRecorder2 */ = {
			isa = PBXNativeTarget;
			buildConfigurationList = AF321FC027B1715E00D77F47 /* Build configuration list for PBXNativeTarget "AbsenceRecorder2" */;
			buildPhases = (
				AF321F9827B1715900D77F47 /* Sources */,
				AF321F9927B1715900D77F47 /* Frameworks */,
				AF321F9A27B1715900D77F47 /* Resources */,
			);
			buildRules = (
			);
			dependencies = (
			);
			name = AbsenceRecorder2;
			productName = AbsenceRecorder2;
			productReference = AF321F9C27B1715900D77F47 /* AbsenceRecorder2.app */;
			productType = "com.apple.product-type.application";
		};
		AF321FAB27B1715D00D77F47 /* AbsenceRecorder2Tests */ = {
			isa = PBXNativeTarget;
			buildConfigurationList = AF321FC327B1715E00D77F47 /* Build configuration list for PBXNativeTarget "AbsenceRecorder2Tests" */;
			buildPhases = (
				AF321FA827B1715D00D77F47 /* Sources */,
				AF321FA927B1715D00D77F47 /* Frameworks */,
				AF321FAA27B1715D00D77F47 /* Resources */,
			);
			buildRules = (
			);
			dependencies = (
				AF321FAE27B1715D00D77F47 /* PBXTargetDependency */,
			);
			name = AbsenceRecorder2Tests;
			productName = AbsenceRecorder2Tests;
			productReference = AF321FAC27B1715D00D77F47 /* AbsenceRecorder2Tests.xctest */;
			productType = "com.apple.product-type.bundle.unit-test";
		};
		AF321FB527B1715E00D77F47 /* AbsenceRecorder2UITests */ = {
			isa = PBXNativeTarget;
			buildConfigurationList = AF321FC627B1715E00D77F47 /* Build configuration list for PBXNativeTarget "AbsenceRecorder2UITests" */;
			buildPhases = (
				AF321FB227B1715E00D77F47 /* Sources */,
				AF321FB327B1715E00D77F47 /* Frameworks */,
				AF321FB427B1715E00D77F47 /* Resources */,
			);
			buildRules = (
			);
			dependencies = (
				AF321FB827B1715E00D77F47 /* PBXTargetDependency */,
			);
			name = AbsenceRecorder2UITests;
			productName = AbsenceRecorder2UITests;
			productReference = AF321FB627B1715E00D77F47 /* AbsenceRecorder2UITests.xctest */;
			productType = "com.apple.product-type.bundle.ui-testing";
		};
/* End PBXNativeTarget section */

/* Begin PBXProject section */
		AF321F9427B1715900D77F47 /* Project object */ = {
			isa = PBXProject;
			attributes = {
				BuildIndependentTargetsInParallel = 1;
				LastSwiftUpdateCheck = 1310;
				LastUpgradeCheck = 1310;
				TargetAttributes = {
					AF321F9B27B1715900D77F47 = {
						CreatedOnToolsVersion = 13.1;
					};
					AF321FAB27B1715D00D77F47 = {
						CreatedOnToolsVersion = 13.1;
						TestTargetID = AF321F9B27B1715900D77F47;
					};
					AF321FB527B1715E00D77F47 = {
						CreatedOnToolsVersion = 13.1;
						TestTargetID = AF321F9B27B1715900D77F47;
					};
				};
			};
			buildConfigurationList = AF321F9727B1715900D77F47 /* Build configuration list for PBXProject "AbsenceRecorder2" */;
			compatibilityVersion = "Xcode 13.0";
			developmentRegion = en;
			hasScannedForEncodings = 0;
			knownRegions = (
				en,
				Base,
			);
			mainGroup = AF321F9327B1715900D77F47;
			productRefGroup = AF321F9D27B1715900D77F47 /* Products */;
			projectDirPath = "";
			projectRoot = "";
			targets = (
				AF321F9B27B1715900D77F47 /* AbsenceRecorder2 */,
				AF321FAB27B1715D00D77F47 /* AbsenceRecorder2Tests */,
				AF321FB527B1715E00D77F47 /* AbsenceRecorder2UITests */,
			);
		};
/* End PBXProject section */

/* Begin PBXResourcesBuildPhase section */
		AF321F9A27B1715900D77F47 /* Resources */ = {
			isa = PBXResourcesBuildPhase;
			buildActionMask = 2147483647;
			files = (
				AF321FA727B1715D00D77F47 /* Preview Assets.xcassets in Resources */,
				AF321FA427B1715D00D77F47 /* Assets.xcassets in Resources */,
			);
			runOnlyForDeploymentPostprocessing = 0;
		};
		AF321FAA27B1715D00D77F47 /* Resources */ = {
			isa = PBXResourcesBuildPhase;
			buildActionMask = 2147483647;
			files = (
			);
			runOnlyForDeploymentPostprocessing = 0;
		};
		AF321FB427B1715E00D77F47 /* Resources */ = {
			isa = PBXResourcesBuildPhase;
			buildActionMask = 2147483647;
			files = (
			);
			runOnlyForDeploymentPostprocessing = 0;
		};
/* End PBXResourcesBuildPhase section */

/* Begin PBXSourcesBuildPhase section */
		AF321F9827B1715900D77F47 /* Sources */ = {
			isa = PBXSourcesBuildPhase;
			buildActionMask = 2147483647;
			files = (
				AF321FED27B27A6000D77F47 /* RootTabView.swift in Sources */,
				AF321FE127B2769F00D77F47 /* AbsenceRecorder2Tests.swift in Sources */,
				AF321FA227B1715900D77F47 /* ContentView.swift in Sources */,
				AF321FEB27B27A4800D77F47 /* StatisticsView.swift in Sources */,
				AF321FE327B279B100D77F47 /* StudentAbsence.swift in Sources */,
				AF321FCA27B171E900D77F47 /* StateController.swift in Sources */,
				AF321FDE27B1735A00D77F47 /* Division.swift in Sources */,
				AF321FE727B27A0C00D77F47 /* AbsenceView.swift in Sources */,
				AF321FE927B27A2800D77F47 /* DivisionItem.swift in Sources */,
				AF321FE527B279EE00D77F47 /* DivisionsView.swift in Sources */,
				AF321FEF27B27A7500D77F47 /* AbsenceItem.swift in Sources */,
				AF321FDC27B1734500D77F47 /* Student.swift in Sources */,
				AF321FA027B1715900D77F47 /* AbsenceRecorder2App.swift in Sources */,
				AF321FCD27B1722C00D77F47 /* Date.swift in Sources */,
			);
			runOnlyForDeploymentPostprocessing = 0;
		};
		AF321FA827B1715D00D77F47 /* Sources */ = {
			isa = PBXSourcesBuildPhase;
			buildActionMask = 2147483647;
			files = (
				AF321FB127B1715D00D77F47 /* AbsenceRecorder2Tests.swift in Sources */,
			);
			runOnlyForDeploymentPostprocessing = 0;
		};
		AF321FB227B1715E00D77F47 /* Sources */ = {
			isa = PBXSourcesBuildPhase;
			buildActionMask = 2147483647;
			files = (
				AF321FBB27B1715E00D77F47 /* AbsenceRecorder2UITests.swift in Sources */,
				AF321FBD27B1715E00D77F47 /* AbsenceRecorder2UITestsLaunchTests.swift in Sources */,
			);
			runOnlyForDeploymentPostprocessing = 0;
		};
/* End PBXSourcesBuildPhase section */

/* Begin PBXTargetDependency section */
		AF321FAE27B1715D00D77F47 /* PBXTargetDependency */ = {
			isa = PBXTargetDependency;
			target = AF321F9B27B1715900D77F47 /* AbsenceRecorder2 */;
			targetProxy = AF321FAD27B1715D00D77F47 /* PBXContainerItemProxy */;
		};
		AF321FB827B1715E00D77F47 /* PBXTargetDependency */ = {
			isa = PBXTargetDependency;
			target = AF321F9B27B1715900D77F47 /* AbsenceRecorder2 */;
			targetProxy = AF321FB727B1715E00D77F47 /* PBXContainerItemProxy */;
		};
/* End PBXTargetDependency section */

/* Begin XCBuildConfiguration section */
		AF321FBE27B1715E00D77F47 /* Debug */ = {
			isa = XCBuildConfiguration;
			buildSettings = {
				ALWAYS_SEARCH_USER_PATHS = NO;
				CLANG_ANALYZER_NONNULL = YES;
				CLANG_ANALYZER_NUMBER_OBJECT_CONVERSION = YES_AGGRESSIVE;
				CLANG_CXX_LANGUAGE_STANDARD = "gnu++17";
				CLANG_CXX_LIBRARY = "libc++";
				CLANG_ENABLE_MODULES = YES;
				CLANG_ENABLE_OBJC_ARC = YES;
				CLANG_ENABLE_OBJC_WEAK = YES;
				CLANG_WARN_BLOCK_CAPTURE_AUTORELEASING = YES;
				CLANG_WARN_BOOL_CONVERSION = YES;
				CLANG_WARN_COMMA = YES;
				CLANG_WARN_CONSTANT_CONVERSION = YES;
				CLANG_WARN_DEPRECATED_OBJC_IMPLEMENTATIONS = YES;
				CLANG_WARN_DIRECT_OBJC_ISA_USAGE = YES_ERROR;
				CLANG_WARN_DOCUMENTATION_COMMENTS = YES;
				CLANG_WARN_EMPTY_BODY = YES;
				CLANG_WARN_ENUM_CONVERSION = YES;
				CLANG_WARN_INFINITE_RECURSION = YES;
				CLANG_WARN_INT_CONVERSION = YES;
				CLANG_WARN_NON_LITERAL_NULL_CONVERSION = YES;
				CLANG_WARN_OBJC_IMPLICIT_RETAIN_SELF = YES;
				CLANG_WARN_OBJC_LITERAL_CONVERSION = YES;
				CLANG_WARN_OBJC_ROOT_CLASS = YES_ERROR;
				CLANG_WARN_QUOTED_INCLUDE_IN_FRAMEWORK_HEADER = YES;
				CLANG_WARN_RANGE_LOOP_ANALYSIS = YES;
				CLANG_WARN_STRICT_PROTOTYPES = YES;
				CLANG_WARN_SUSPICIOUS_MOVE = YES;
				CLANG_WARN_UNGUARDED_AVAILABILITY = YES_AGGRESSIVE;
				CLANG_WARN_UNREACHABLE_CODE = YES;
				CLANG_WARN__DUPLICATE_METHOD_MATCH = YES;
				COPY_PHASE_STRIP = NO;
				DEBUG_INFORMATION_FORMAT = dwarf;
				ENABLE_STRICT_OBJC_MSGSEND = YES;
				ENABLE_TESTABILITY = YES;
				GCC_C_LANGUAGE_STANDARD = gnu11;
				GCC_DYNAMIC_NO_PIC = NO;
				GCC_NO_COMMON_BLOCKS = YES;
				GCC_OPTIMIZATION_LEVEL = 0;
				GCC_PREPROCESSOR_DEFINITIONS = (
					"DEBUG=1",
					"$(inherited)",
				);
				GCC_WARN_64_TO_32_BIT_CONVERSION = YES;
				GCC_WARN_ABOUT_RETURN_TYPE = YES_ERROR;
				GCC_WARN_UNDECLARED_SELECTOR = YES;
				GCC_WARN_UNINITIALIZED_AUTOS = YES_AGGRESSIVE;
				GCC_WARN_UNUSED_FUNCTION = YES;
				GCC_WARN_UNUSED_VARIABLE = YES;
				IPHONEOS_DEPLOYMENT_TARGET = 15.0;
				MTL_ENABLE_DEBUG_INFO = INCLUDE_SOURCE;
				MTL_FAST_MATH = YES;
				ONLY_ACTIVE_ARCH = YES;
				SDKROOT = iphoneos;
				SWIFT_ACTIVE_COMPILATION_CONDITIONS = DEBUG;
				SWIFT_OPTIMIZATION_LEVEL = "-Onone";
			};
			name = Debug;
		};
		AF321FBF27B1715E00D77F47 /* Release */ = {
			isa = XCBuildConfiguration;
			buildSettings = {
				ALWAYS_SEARCH_USER_PATHS = NO;
				CLANG_ANALYZER_NONNULL = YES;
				CLANG_ANALYZER_NUMBER_OBJECT_CONVERSION = YES_AGGRESSIVE;
				CLANG_CXX_LANGUAGE_STANDARD = "gnu++17";
				CLANG_CXX_LIBRARY = "libc++";
				CLANG_ENABLE_MODULES = YES;
				CLANG_ENABLE_OBJC_ARC = YES;
				CLANG_ENABLE_OBJC_WEAK = YES;
				CLANG_WARN_BLOCK_CAPTURE_AUTORELEASING = YES;
				CLANG_WARN_BOOL_CONVERSION = YES;
				CLANG_WARN_COMMA = YES;
				CLANG_WARN_CONSTANT_CONVERSION = YES;
				CLANG_WARN_DEPRECATED_OBJC_IMPLEMENTATIONS = YES;
				CLANG_WARN_DIRECT_OBJC_ISA_USAGE = YES_ERROR;
				CLANG_WARN_DOCUMENTATION_COMMENTS = YES;
				CLANG_WARN_EMPTY_BODY = YES;
				CLANG_WARN_ENUM_CONVERSION = YES;
				CLANG_WARN_INFINITE_RECURSION = YES;
				CLANG_WARN_INT_CONVERSION = YES;
				CLANG_WARN_NON_LITERAL_NULL_CONVERSION = YES;
				CLANG_WARN_OBJC_IMPLICIT_RETAIN_SELF = YES;
				CLANG_WARN_OBJC_LITERAL_CONVERSION = YES;
				CLANG_WARN_OBJC_ROOT_CLASS = YES_ERROR;
				CLANG_WARN_QUOTED_INCLUDE_IN_FRAMEWORK_HEADER = YES;
				CLANG_WARN_RANGE_LOOP_ANALYSIS = YES;
				CLANG_WARN_STRICT_PROTOTYPES = YES;
				CLANG_WARN_SUSPICIOUS_MOVE = YES;
				CLANG_WARN_UNGUARDED_AVAILABILITY = YES_AGGRESSIVE;
				CLANG_WARN_UNREACHABLE_CODE = YES;
				CLANG_WARN__DUPLICATE_METHOD_MATCH = YES;
				COPY_PHASE_STRIP = NO;
				DEBUG_INFORMATION_FORMAT = "dwarf-with-dsym";
				ENABLE_NS_ASSERTIONS = NO;
				ENABLE_STRICT_OBJC_MSGSEND = YES;
				GCC_C_LANGUAGE_STANDARD = gnu11;
				GCC_NO_COMMON_BLOCKS = YES;
				GCC_WARN_64_TO_32_BIT_CONVERSION = YES;
				GCC_WARN_ABOUT_RETURN_TYPE = YES_ERROR;
				GCC_WARN_UNDECLARED_SELECTOR = YES;
				GCC_WARN_UNINITIALIZED_AUTOS = YES_AGGRESSIVE;
				GCC_WARN_UNUSED_FUNCTION = YES;
				GCC_WARN_UNUSED_VARIABLE = YES;
				IPHONEOS_DEPLOYMENT_TARGET = 15.0;
				MTL_ENABLE_DEBUG_INFO = NO;
				MTL_FAST_MATH = YES;
				SDKROOT = iphoneos;
				SWIFT_COMPILATION_MODE = wholemodule;
				SWIFT_OPTIMIZATION_LEVEL = "-O";
				VALIDATE_PRODUCT = YES;
			};
			name = Release;
		};
		AF321FC127B1715E00D77F47 /* Debug */ = {
			isa = XCBuildConfiguration;
			buildSettings = {
				ASSETCATALOG_COMPILER_APPICON_NAME = AppIcon;
				ASSETCATALOG_COMPILER_GLOBAL_ACCENT_COLOR_NAME = AccentColor;
				CODE_SIGN_STYLE = Automatic;
				CURRENT_PROJECT_VERSION = 1;
				DEVELOPMENT_ASSET_PATHS = "\"AbsenceRecorder2/Preview Content\"";
				DEVELOPMENT_TEAM = 3G63Q3R53S;
				ENABLE_PREVIEWS = YES;
				GENERATE_INFOPLIST_FILE = YES;
				INFOPLIST_KEY_UIApplicationSceneManifest_Generation = YES;
				INFOPLIST_KEY_UIApplicationSupportsIndirectInputEvents = YES;
				INFOPLIST_KEY_UILaunchScreen_Generation = YES;
				INFOPLIST_KEY_UISupportedInterfaceOrientations_iPad = "UIInterfaceOrientationPortrait UIInterfaceOrientationPortraitUpsideDown UIInterfaceOrientationLandscapeLeft UIInterfaceOrientationLandscapeRight";
				INFOPLIST_KEY_UISupportedInterfaceOrientations_iPhone = "UIInterfaceOrientationPortrait UIInterfaceOrientationLandscapeLeft UIInterfaceOrientationLandscapeRight";
				LD_RUNPATH_SEARCH_PATHS = (
					"$(inherited)",
					"@executable_path/Frameworks",
				);
				MARKETING_VERSION = 1.0;
				PRODUCT_BUNDLE_IDENTIFIER = com.ClydeLartey97.AbsenceRecorder2;
				PRODUCT_NAME = "$(TARGET_NAME)";
				SWIFT_EMIT_LOC_STRINGS = YES;
				SWIFT_VERSION = 5.0;
				TARGETED_DEVICE_FAMILY = "1,2";
			};
			name = Debug;
		};
		AF321FC227B1715E00D77F47 /* Release */ = {
			isa = XCBuildConfiguration;
			buildSettings = {
				ASSETCATALOG_COMPILER_APPICON_NAME = AppIcon;
				ASSETCATALOG_COMPILER_GLOBAL_ACCENT_COLOR_NAME = AccentColor;
				CODE_SIGN_STYLE = Automatic;
				CURRENT_PROJECT_VERSION = 1;
				DEVELOPMENT_ASSET_PATHS = "\"AbsenceRecorder2/Preview Content\"";
				DEVELOPMENT_TEAM = 3G63Q3R53S;
				ENABLE_PREVIEWS = YES;
				GENERATE_INFOPLIST_FILE = YES;
				INFOPLIST_KEY_UIApplicationSceneManifest_Generation = YES;
				INFOPLIST_KEY_UIApplicationSupportsIndirectInputEvents = YES;
				INFOPLIST_KEY_UILaunchScreen_Generation = YES;
				INFOPLIST_KEY_UISupportedInterfaceOrientations_iPad = "UIInterfaceOrientationPortrait UIInterfaceOrientationPortraitUpsideDown UIInterfaceOrientationLandscapeLeft UIInterfaceOrientationLandscapeRight";
				INFOPLIST_KEY_UISupportedInterfaceOrientations_iPhone = "UIInterfaceOrientationPortrait UIInterfaceOrientationLandscapeLeft UIInterfaceOrientationLandscapeRight";
				LD_RUNPATH_SEARCH_PATHS = (
					"$(inherited)",
					"@executable_path/Frameworks",
				);
				MARKETING_VERSION = 1.0;
				PRODUCT_BUNDLE_IDENTIFIER = com.ClydeLartey97.AbsenceRecorder2;
				PRODUCT_NAME = "$(TARGET_NAME)";
				SWIFT_EMIT_LOC_STRINGS = YES;
				SWIFT_VERSION = 5.0;
				TARGETED_DEVICE_FAMILY = "1,2";
			};
			name = Release;
		};
		AF321FC427B1715E00D77F47 /* Debug */ = {
			isa = XCBuildConfiguration;
			buildSettings = {
				ALWAYS_EMBED_SWIFT_STANDARD_LIBRARIES = YES;
				BUNDLE_LOADER = "$(TEST_HOST)";
				CODE_SIGN_STYLE = Automatic;
				CURRENT_PROJECT_VERSION = 1;
				DEVELOPMENT_TEAM = 3G63Q3R53S;
				GENERATE_INFOPLIST_FILE = YES;
				IPHONEOS_DEPLOYMENT_TARGET = 15.0;
				LD_RUNPATH_SEARCH_PATHS = (
					"$(inherited)",
					"@executable_path/Frameworks",
					"@loader_path/Frameworks",
				);
				MARKETING_VERSION = 1.0;
				PRODUCT_BUNDLE_IDENTIFIER = com.ClydeLartey97.AbsenceRecorder2Tests;
				PRODUCT_NAME = "$(TARGET_NAME)";
				SWIFT_EMIT_LOC_STRINGS = NO;
				SWIFT_VERSION = 5.0;
				TARGETED_DEVICE_FAMILY = "1,2";
				TEST_HOST = "$(BUILT_PRODUCTS_DIR)/AbsenceRecorder2.app/AbsenceRecorder2";
			};
			name = Debug;
		};
		AF321FC527B1715E00D77F47 /* Release */ = {
			isa = XCBuildConfiguration;
			buildSettings = {
				ALWAYS_EMBED_SWIFT_STANDARD_LIBRARIES = YES;
				BUNDLE_LOADER = "$(TEST_HOST)";
				CODE_SIGN_STYLE = Automatic;
				CURRENT_PROJECT_VERSION = 1;
				DEVELOPMENT_TEAM = 3G63Q3R53S;
				GENERATE_INFOPLIST_FILE = YES;
				IPHONEOS_DEPLOYMENT_TARGET = 15.0;
				LD_RUNPATH_SEARCH_PATHS = (
					"$(inherited)",
					"@executable_path/Frameworks",
					"@loader_path/Frameworks",
				);
				MARKETING_VERSION = 1.0;
				PRODUCT_BUNDLE_IDENTIFIER = com.ClydeLartey97.AbsenceRecorder2Tests;
				PRODUCT_NAME = "$(TARGET_NAME)";
				SWIFT_EMIT_LOC_STRINGS = NO;
				SWIFT_VERSION = 5.0;
				TARGETED_DEVICE_FAMILY = "1,2";
				TEST_HOST = "$(BUILT_PRODUCTS_DIR)/AbsenceRecorder2.app/AbsenceRecorder2";
			};
			name = Release;
		};
		AF321FC727B1715E00D77F47 /* Debug */ = {
			isa = XCBuildConfiguration;
			buildSettings = {
				ALWAYS_EMBED_SWIFT_STANDARD_LIBRARIES = YES;
				CODE_SIGN_STYLE = Automatic;
				CURRENT_PROJECT_VERSION = 1;
				DEVELOPMENT_TEAM = 3G63Q3R53S;
				GENERATE_INFOPLIST_FILE = YES;
				LD_RUNPATH_SEARCH_PATHS = (
					"$(inherited)",
					"@executable_path/Frameworks",
					"@loader_path/Frameworks",
				);
				MARKETING_VERSION = 1.0;
				PRODUCT_BUNDLE_IDENTIFIER = com.ClydeLartey97.AbsenceRecorder2UITests;
				PRODUCT_NAME = "$(TARGET_NAME)";
				SWIFT_EMIT_LOC_STRINGS = NO;
				SWIFT_VERSION = 5.0;
				TARGETED_DEVICE_FAMILY = "1,2";
				TEST_TARGET_NAME = AbsenceRecorder2;
			};
			name = Debug;
		};
		AF321FC827B1715E00D77F47 /* Release */ = {
			isa = XCBuildConfiguration;
			buildSettings = {
				ALWAYS_EMBED_SWIFT_STANDARD_LIBRARIES = YES;
				CODE_SIGN_STYLE = Automatic;
				CURRENT_PROJECT_VERSION = 1;
				DEVELOPMENT_TEAM = 3G63Q3R53S;
				GENERATE_INFOPLIST_FILE = YES;
				LD_RUNPATH_SEARCH_PATHS = (
					"$(inherited)",
					"@executable_path/Frameworks",
					"@loader_path/Frameworks",
				);
				MARKETING_VERSION = 1.0;
				PRODUCT_BUNDLE_IDENTIFIER = com.ClydeLartey97.AbsenceRecorder2UITests;
				PRODUCT_NAME = "$(TARGET_NAME)";
				SWIFT_EMIT_LOC_STRINGS = NO;
				SWIFT_VERSION = 5.0;
				TARGETED_DEVICE_FAMILY = "1,2";
				TEST_TARGET_NAME = AbsenceRecorder2;
			};
			name = Release;
		};
/* End XCBuildConfiguration section */

/* Begin XCConfigurationList section */
		AF321F9727B1715900D77F47 /* Build configuration list for PBXProject "AbsenceRecorder2" */ = {
			isa = XCConfigurationList;
			buildConfigurations = (
				AF321FBE27B1715E00D77F47 /* Debug */,
				AF321FBF27B1715E00D77F47 /* Release */,
			);
			defaultConfigurationIsVisible = 0;
			defaultConfigurationName = Release;
		};
		AF321FC027B1715E00D77F47 /* Build configuration list for PBXNativeTarget "AbsenceRecorder2" */ = {
			isa = XCConfigurationList;
			buildConfigurations = (
				AF321FC127B1715E00D77F47 /* Debug */,
				AF321FC227B1715E00D77F47 /* Release */,
			);
			defaultConfigurationIsVisible = 0;
			defaultConfigurationName = Release;
		};
		AF321FC327B1715E00D77F47 /* Build configuration list for PBXNativeTarget "AbsenceRecorder2Tests" */ = {
			isa = XCConfigurationList;
			buildConfigurations = (
				AF321FC427B1715E00D77F47 /* Debug */,
				AF321FC527B1715E00D77F47 /* Release */,
			);
			defaultConfigurationIsVisible = 0;
			defaultConfigurationName = Release;
		};
		AF321FC627B1715E00D77F47 /* Build configuration list for PBXNativeTarget "AbsenceRecorder2UITests" */ = {
			isa = XCConfigurationList;
			buildConfigurations = (
				AF321FC727B1715E00D77F47 /* Debug */,
				AF321FC827B1715E00D77F47 /* Release */,
			);
			defaultConfigurationIsVisible = 0;
			defaultConfigurationName = Release;
		};
/* End XCConfigurationList section */
	};
	rootObject = AF321F9427B1715900D77F47 /* Project object */;
}
